# This file is automatically @generated by Poetry 1.8.3 and should not be changed by hand.

[[package]]
name = "dns-shark"
version = "1.0.0"
description = "A simple DNS resolver that can resolve a domain name to either an IPv4 or IPv6 address."
optional = false
python-versions = "*"
files = [
    {file = "dns_shark-1.0.0.tar.gz", hash = "sha256:bea0086ef8dd987edbea138d51cb1b9e608e4e8afb6fb9db98cfff804109d02c"},
]

[[package]]
name = "setuptools-git"
version = "1.2"
description = "Setuptools revision control system plugin for Git"
optional = false
python-versions = "*"
files = [
    {file = "setuptools-git-1.2.tar.gz", hash = "sha256:ff64136da01aabba76ae88b050e7197918d8b2139ccbf6144e14d472b9c40445"},
    {file = "setuptools_git-1.2-py2.py3-none-any.whl", hash = "sha256:e7764dccce7d97b4b5a330d7b966aac6f9ac026385743fd6cedad553f2494cfa"},
]

[metadata]
lock-version = "2.0"
python-versions = "^3.12"
content-hash = "9cf2a771c49354e39a6e50ed3e011cdd26dd0823813b12346fa766a49ecc31b1"
